
Microsoft Visual Studio Solution File, Format Version 12.00
# Visual Studio Version 17
VisualStudioVersion = 17.10.35027.167
MinimumVisualStudioVersion = 10.0.40219.1
Project("{9A19103F-16F7-4668-BE54-9A1E7A4F7556}") = "Annulaire_Client", "Annulaire_Client.csproj", "{F864ACAF-F81C-4AA7-8188-975D23315BC1}"
EndProject
Project("{9A19103F-16F7-4668-BE54-9A1E7A4F7556}") = "Annulaire_Serveur", "..\Annulaire_Serveur\Annulaire_Serveur.csproj", "{A0FE4CFC-9739-4A83-8938-9FC50EE99CA6}"
EndProject
Global
	GlobalSection(SolutionConfigurationPlatforms) = preSolution
		Debug|Any CPU = Debug|Any CPU
		Release|Any CPU = Release|Any CPU
	EndGlobalSection
	GlobalSection(ProjectConfigurationPlatforms) = postSolution
		{F864ACAF-F81C-4AA7-8188-975D23315BC1}.Debug|Any CPU.ActiveCfg = Debug|Any CPU
		{F864ACAF-F81C-4AA7-8188-975D23315BC1}.Debug|Any CPU.Build.0 = Debug|Any CPU
		{F864ACAF-F81C-4AA7-8188-975D23315BC1}.Release|Any CPU.ActiveCfg = Release|Any CPU
		{F864ACAF-F81C-4AA7-8188-975D23315BC1}.Release|Any CPU.Build.0 = Release|Any CPU
		{A0FE4CFC-9739-4A83-8938-9FC50EE99CA6}.Debug|Any CPU.ActiveCfg = Debug|Any CPU
		{A0FE4CFC-9739-4A83-8938-9FC50EE99CA6}.Debug|Any CPU.Build.0 = Debug|Any CPU
		{A0FE4CFC-9739-4A83-8938-9FC50EE99CA6}.Release|Any CPU.ActiveCfg = Release|Any CPU
		{A0FE4CFC-9739-4A83-8938-9FC50EE99CA6}.Release|Any CPU.Build.0 = Release|Any CPU
	EndGlobalSection
	GlobalSection(SolutionProperties) = preSolution
		HideSolutionNode = FALSE
	EndGlobalSection
	GlobalSection(ExtensibilityGlobals) = postSolution
		SolutionGuid = {2B98661A-2495-40DE-ADDF-5CBB59122E99}
	EndGlobalSection
EndGlobal
